// !$*UTF8*$!
{
	archiveVersion = 1;
	classes = {
	};
	objectVersion = 77;
	objects = {

/* Begin PBXBuildFile section */
		03D7351A313085C2CC071252 /* GRDB in Frameworks */ = {isa = PBXBuildFile; productRef = E46AC41D68F51B6DF93437EE /* GRDB */; };
		0BFD75E5113CA8B5E86981EA /* OTelExporter.swift in Sources */ = {isa = PBXBuildFile; fileRef = 3CDC2F5D736C9856A9A26703 /* OTelExporter.swift */; settings = {COMPILER_FLAGS = "-enable-experimental-concurrency"; }; };
		0E4837379144143D2DED7141 /* RepeatedTLSFailureRule.swift in Sources */ = {isa = PBXBuildFile; fileRef = 5F8353418FA7CDAA515C756C /* RepeatedTLSFailureRule.swift */; settings = {COMPILER_FLAGS = "-enable-experimental-concurrency"; }; };
		0E57477C6E67833BF817B398 /* Uploader.swift in Sources */ = {isa = PBXBuildFile; fileRef = E14F0AB0446C9E95E4F5BAD1 /* Uploader.swift */; settings = {COMPILER_FLAGS = "-enable-experimental-concurrency"; }; };
		11947E8F95A8E786B37297C9 /* EventEncryption.swift in Sources */ = {isa = PBXBuildFile; fileRef = D9B36BCE3DE3DE972749CE0F /* EventEncryption.swift */; settings = {COMPILER_FLAGS = "-enable-experimental-concurrency"; }; };
		16764431D0B888324D2F5ADE /* Info 2.plist in Resources */ = {isa = PBXBuildFile; fileRef = 0CB0C6DA87E67C46414C8789 /* Info 2.plist */; };
		17C9E2E118D080294BC689FE /* ConfigView.swift in Sources */ = {isa = PBXBuildFile; fileRef = 599B7A6EBC43241439E5E744 /* ConfigView.swift */; settings = {COMPILER_FLAGS = "-enable-experimental-concurrency"; }; };
		1AD4134DFFDF211FD049CD43 /* EventStore.swift in Sources */ = {isa = PBXBuildFile; fileRef = 58D4145430102022BF058624 /* EventStore.swift */; settings = {COMPILER_FLAGS = "-enable-experimental-concurrency"; }; };
		1C53493B7A044030CC06764F /* EventBrowserView.swift in Sources */ = {isa = PBXBuildFile; fileRef = 1EB10078322C06A71C083CAA /* EventBrowserView.swift */; settings = {COMPILER_FLAGS = "-enable-experimental-concurrency"; }; };
		1C6A1193363BC0FD8D4582D0 /* SecureTransport.swift in Sources */ = {isa = PBXBuildFile; fileRef = 485C32B2A69A6E3AFD35D6EB /* SecureTransport.swift */; settings = {COMPILER_FLAGS = "-enable-experimental-concurrency"; }; };
		215F96845E85EBFBB5868717 /* EventDetailView.swift in Sources */ = {isa = PBXBuildFile; fileRef = E998DF16CAAC8F096254F294 /* EventDetailView.swift */; settings = {COMPILER_FLAGS = "-enable-experimental-concurrency"; }; };
		221CFD0CA4F8303EB101F924 /* ConnectivityStatusCard.swift in Sources */ = {isa = PBXBuildFile; fileRef = AC3F64BCAB23BB1827A920A5 /* ConnectivityStatusCard.swift */; settings = {COMPILER_FLAGS = "-enable-experimental-concurrency"; }; };
		2D708014E3644A68521B836E /* ConfigManager.swift in Sources */ = {isa = PBXBuildFile; fileRef = 631CB1DF13CD7E20B94A2E1A /* ConfigManager.swift */; settings = {COMPILER_FLAGS = "-enable-experimental-concurrency"; }; };
		36556F331830A9C86F4920D7 /* DashboardView.swift in Sources */ = {isa = PBXBuildFile; fileRef = 905B75018B0BCBBE20F3281F /* DashboardView.swift */; settings = {COMPILER_FLAGS = "-enable-experimental-concurrency"; }; };
		380A536852D0DC14E3E0FBE4 /* Redactor.swift in Sources */ = {isa = PBXBuildFile; fileRef = 49007345A076CC5395FBF0E6 /* Redactor.swift */; settings = {COMPILER_FLAGS = "-enable-experimental-concurrency"; }; };
		3CC6C82B1E279236734EC53A /* MetricsSample.swift in Sources */ = {isa = PBXBuildFile; fileRef = C1C1DBCF2F55F74114161BEF /* MetricsSample.swift */; settings = {COMPILER_FLAGS = "-enable-experimental-concurrency"; }; };
		43F9BB1186ED7C2357B864F4 /* Rule.swift in Sources */ = {isa = PBXBuildFile; fileRef = E3A56A20F16776C2C634C26B /* Rule.swift */; settings = {COMPILER_FLAGS = "-enable-experimental-concurrency"; }; };
		451C52888185ED2C45B3D834 /* Assets.xcassets in Resources */ = {isa = PBXBuildFile; fileRef = C4E6329DDED5BA2830F6FF8C /* Assets.xcassets */; };
		4F7E53139D5AC7768E03A42B /* RuleEngine.swift in Sources */ = {isa = PBXBuildFile; fileRef = DD926FE44CB2090072B5AC85 /* RuleEngine.swift */; settings = {COMPILER_FLAGS = "-enable-experimental-concurrency"; }; };
		59A65F11ECB37FEEC34EF66F /* LocalEventsBrowserView.swift in Sources */ = {isa = PBXBuildFile; fileRef = 0309FF2490686A649493CB41 /* LocalEventsBrowserView.swift */; settings = {COMPILER_FLAGS = "-enable-experimental-concurrency"; }; };
		5D90A0DB57073B7E0A67DED2 /* SparklineView.swift in Sources */ = {isa = PBXBuildFile; fileRef = 61102CC4641AD5C4B6905A0B /* SparklineView.swift */; settings = {COMPILER_FLAGS = "-enable-experimental-concurrency"; }; };
		6DB3865AE6C56B0BD8978CA9 /* AgentStatusCard.swift in Sources */ = {isa = PBXBuildFile; fileRef = 489BD848396E26BED2E47F97 /* AgentStatusCard.swift */; settings = {COMPILER_FLAGS = "-enable-experimental-concurrency"; }; };
		7380B4E8C3DF92FC7C14D509 /* TelemetrySnapshot.swift in Sources */ = {isa = PBXBuildFile; fileRef = 5C042583437CACB8B422D2FE /* TelemetrySnapshot.swift */; settings = {COMPILER_FLAGS = "-enable-experimental-concurrency"; }; };
		76CEE36341AB3BE8D4818FCE /* QuietModeToggleCard.swift in Sources */ = {isa = PBXBuildFile; fileRef = CC0A41ED3B545A0519C768B6 /* QuietModeToggleCard.swift */; settings = {COMPILER_FLAGS = "-enable-experimental-concurrency"; }; };
		76EF3813694E365FB5D0D6AE /* RealTimeMetricsPanel.swift in Sources */ = {isa = PBXBuildFile; fileRef = C47E271AEEAEFB8FA93DAAF4 /* RealTimeMetricsPanel.swift */; settings = {COMPILER_FLAGS = "-enable-experimental-concurrency"; }; };
		7A91BC12A1F5DC977955B3BC /* MemoryPressureRule.swift in Sources */ = {isa = PBXBuildFile; fileRef = 82D8C45E8C3A46671D66F011 /* MemoryPressureRule.swift */; settings = {COMPILER_FLAGS = "-enable-experimental-concurrency"; }; };
		7B8CAE1BCC1A280170339BB6 /* HighCpuUsageRule.swift in Sources */ = {isa = PBXBuildFile; fileRef = 444B141B3C9E660DE4530AB5 /* HighCpuUsageRule.swift */; settings = {COMPILER_FLAGS = "-enable-experimental-concurrency"; }; };
		7E2AEF018BBF4CA9C98EACD3 /* Uploading.swift in Sources */ = {isa = PBXBuildFile; fileRef = 1B1AD3745590351CF85FCC0C /* Uploading.swift */; settings = {COMPILER_FLAGS = "-enable-experimental-concurrency"; }; };
		7E3869DC7AF79E61C48C285F /* EventsSummaryCard.swift in Sources */ = {isa = PBXBuildFile; fileRef = F1FFC0D9166B4BFCDADA4876 /* EventsSummaryCard.swift */; settings = {COMPILER_FLAGS = "-enable-experimental-concurrency"; }; };
		8EC4E36CC45385CDEFF07187 /* NetworkDestinationAllowlistRule.swift in Sources */ = {isa = PBXBuildFile; fileRef = C14A1EF25B52C7C5763D14C5 /* NetworkDestinationAllowlistRule.swift */; settings = {COMPILER_FLAGS = "-enable-experimental-concurrency"; }; };
		8ED1079D1B03DEAC20F4DFD6 /* SystemCollector.swift in Sources */ = {isa = PBXBuildFile; fileRef = 871370D6AF65D361F4B0B938 /* SystemCollector.swift */; settings = {COMPILER_FLAGS = "-enable-experimental-concurrency"; }; };
		90485FDEA66D6F28633E6807 /* ConnectivityFlapRule.swift in Sources */ = {isa = PBXBuildFile; fileRef = 7A743F0FB065B3F7CD0053AE /* ConnectivityFlapRule.swift */; settings = {COMPILER_FLAGS = "-enable-experimental-concurrency"; }; };
		90FAE9771D87CD94827C1100 /* default-config.json in Resources */ = {isa = PBXBuildFile; fileRef = 9196D1B23E68CB65DE1FE371 /* default-config.json */; };
		9641F5D32163D2320BA14822 /* DiagnosticsRunner.swift in Sources */ = {isa = PBXBuildFile; fileRef = 837E532A25661B6E7F1A25B8 /* DiagnosticsRunner.swift */; settings = {COMPILER_FLAGS = "-enable-experimental-concurrency"; }; };
		9AAE0D461927D4A91CBBD4AF /* EventLogger.swift in Sources */ = {isa = PBXBuildFile; fileRef = FA0A82619A802F183DC5CC82 /* EventLogger.swift */; settings = {COMPILER_FLAGS = "-enable-experimental-concurrency"; }; };
		9B4BF692A7760577815612EF /* RecentEventsSection.swift in Sources */ = {isa = PBXBuildFile; fileRef = 628A6FA80249EB22C3A1E5C6 /* RecentEventsSection.swift */; settings = {COMPILER_FLAGS = "-enable-experimental-concurrency"; }; };
		9CEB034E7D754B1CE1AE9774 /* EventStoring.swift in Sources */ = {isa = PBXBuildFile; fileRef = C45F91A00DBF394DD17C93A0 /* EventStoring.swift */; settings = {COMPILER_FLAGS = "-enable-experimental-concurrency"; }; };
		9EDE61BF28219529F9395D05 /* MetricsRingBufferTests.swift in Sources */ = {isa = PBXBuildFile; fileRef = B9BB31AA9411CDC3250C7BBC /* MetricsRingBufferTests.swift */; };
		A4A87FEDBB3F872E8864AB92 /* MetricKitCollector.swift in Sources */ = {isa = PBXBuildFile; fileRef = 576A76EBCF4DF214BF2EEFF9 /* MetricKitCollector.swift */; settings = {COMPILER_FLAGS = "-enable-experimental-concurrency"; }; };
		A66642770129969D6B202D73 /* MetricsCollecting.swift in Sources */ = {isa = PBXBuildFile; fileRef = EE54276154A401291EF51086 /* MetricsCollecting.swift */; settings = {COMPILER_FLAGS = "-enable-experimental-concurrency"; }; };
		B577670E8482DAAA34D0BE85 /* DiagnosticsReportCard.swift in Sources */ = {isa = PBXBuildFile; fileRef = A8EAF18854979290309BB30A /* DiagnosticsReportCard.swift */; settings = {COMPILER_FLAGS = "-enable-experimental-concurrency"; }; };
		BD4D5EE4BCBCD23F7018303B /* LaunchScreen.swift in Sources */ = {isa = PBXBuildFile; fileRef = 917EAF478EB4610297CD9F9A /* LaunchScreen.swift */; settings = {COMPILER_FLAGS = "-enable-experimental-concurrency"; }; };
		C67519958F689713C71C0839 /* AgentController.swift in Sources */ = {isa = PBXBuildFile; fileRef = F1B8B285C3B28B9E8845C7D7 /* AgentController.swift */; settings = {COMPILER_FLAGS = "-enable-experimental-concurrency"; }; };
		C7DA729CB55D7CBEE386BE9A /* UploadStatusCard.swift in Sources */ = {isa = PBXBuildFile; fileRef = 657B29BC62DA0DFC0D8C0853 /* UploadStatusCard.swift */; settings = {COMPILER_FLAGS = "-enable-experimental-concurrency"; }; };
		D8A3A9195559C932B25C4D53 /* TimeFormatter.swift in Sources */ = {isa = PBXBuildFile; fileRef = 9168CD796327C03179641D23 /* TimeFormatter.swift */; settings = {COMPILER_FLAGS = "-enable-experimental-concurrency"; }; };
		E86E111EA517655D7716145A /* MockUploadEndpoint.swift in Sources */ = {isa = PBXBuildFile; fileRef = 834D828C4B5F5340FEBCE249 /* MockUploadEndpoint.swift */; settings = {COMPILER_FLAGS = "-enable-experimental-concurrency"; }; };
		E9DE1B1B17E6FD8428707538 /* SignedConfigVerifier.swift in Sources */ = {isa = PBXBuildFile; fileRef = 8A005935FF0AEC08095DD8D3 /* SignedConfigVerifier.swift */; settings = {COMPILER_FLAGS = "-enable-experimental-concurrency"; }; };
		F1CE76DC1AA80C87F220AEC4 /* EFBAgentApp.swift in Sources */ = {isa = PBXBuildFile; fileRef = 1808FEB341E88E75F00E2AF0 /* EFBAgentApp.swift */; settings = {COMPILER_FLAGS = "-enable-experimental-concurrency"; }; };
		F452211F0901D081C01390B9 /* DBInspectorView.swift in Sources */ = {isa = PBXBuildFile; fileRef = 832682F57E8EC871E86E7775 /* DBInspectorView.swift */; settings = {COMPILER_FLAGS = "-enable-experimental-concurrency"; }; };
		F667D4B6DD404046E9A2A68F /* NetworkCollector.swift in Sources */ = {isa = PBXBuildFile; fileRef = 80C1DE37F0355045C8A54A1C /* NetworkCollector.swift */; settings = {COMPILER_FLAGS = "-enable-experimental-concurrency"; }; };
		FF23CED998CF571CC42BF9BC /* AgentEvent.swift in Sources */ = {isa = PBXBuildFile; fileRef = D02AFCE2B9FB602C183F0081 /* AgentEvent.swift */; settings = {COMPILER_FLAGS = "-enable-experimental-concurrency"; }; };
/* End PBXBuildFile section */

/* Begin PBXContainerItemProxy section */
		274581869CEF7C9E305590DF /* PBXContainerItemProxy */ = {
			isa = PBXContainerItemProxy;
			containerPortal = 28FCD786F0B89BA9B93A20E7 /* Project object */;
			proxyType = 1;
			remoteGlobalIDString = 8840A50E0050FD3D007C32C2;
			remoteInfo = EFBAgent;
		};
/* End PBXContainerItemProxy section */

/* Begin PBXFileReference section */
		0309FF2490686A649493CB41 /* LocalEventsBrowserView.swift */ = {isa = PBXFileReference; lastKnownFileType = sourcecode.swift; path = LocalEventsBrowserView.swift; sourceTree = "<group>"; };
		0CB0C6DA87E67C46414C8789 /* Info 2.plist */ = {isa = PBXFileReference; lastKnownFileType = text.plist; path = "Info 2.plist"; sourceTree = "<group>"; };
		0FEFEC58A7C7A6200EA56B7E /* EFBAgentTests.xctest */ = {isa = PBXFileReference; includeInIndex = 0; lastKnownFileType = wrapper.cfbundle; path = EFBAgentTests.xctest; sourceTree = BUILT_PRODUCTS_DIR; };
		15C6B967DB35285D6BBEB355 /* EFBAgent.app */ = {isa = PBXFileReference; includeInIndex = 0; lastKnownFileType = wrapper.application; path = EFBAgent.app; sourceTree = BUILT_PRODUCTS_DIR; };
		1808FEB341E88E75F00E2AF0 /* EFBAgentApp.swift */ = {isa = PBXFileReference; lastKnownFileType = sourcecode.swift; path = EFBAgentApp.swift; sourceTree = "<group>"; };
		1B1AD3745590351CF85FCC0C /* Uploading.swift */ = {isa = PBXFileReference; lastKnownFileType = sourcecode.swift; path = Uploading.swift; sourceTree = "<group>"; };
		1EB10078322C06A71C083CAA /* EventBrowserView.swift */ = {isa = PBXFileReference; lastKnownFileType = sourcecode.swift; path = EventBrowserView.swift; sourceTree = "<group>"; };
		3CDC2F5D736C9856A9A26703 /* OTelExporter.swift */ = {isa = PBXFileReference; lastKnownFileType = sourcecode.swift; path = OTelExporter.swift; sourceTree = "<group>"; };
		444B141B3C9E660DE4530AB5 /* HighCpuUsageRule.swift */ = {isa = PBXFileReference; lastKnownFileType = sourcecode.swift; path = HighCpuUsageRule.swift; sourceTree = "<group>"; };
		485C32B2A69A6E3AFD35D6EB /* SecureTransport.swift */ = {isa = PBXFileReference; lastKnownFileType = sourcecode.swift; path = SecureTransport.swift; sourceTree = "<group>"; };
		489BD848396E26BED2E47F97 /* AgentStatusCard.swift */ = {isa = PBXFileReference; lastKnownFileType = sourcecode.swift; path = AgentStatusCard.swift; sourceTree = "<group>"; };
		49007345A076CC5395FBF0E6 /* Redactor.swift */ = {isa = PBXFileReference; lastKnownFileType = sourcecode.swift; path = Redactor.swift; sourceTree = "<group>"; };
		576A76EBCF4DF214BF2EEFF9 /* MetricKitCollector.swift */ = {isa = PBXFileReference; lastKnownFileType = sourcecode.swift; path = MetricKitCollector.swift; sourceTree = "<group>"; };
		58D4145430102022BF058624 /* EventStore.swift */ = {isa = PBXFileReference; lastKnownFileType = sourcecode.swift; path = EventStore.swift; sourceTree = "<group>"; };
		599B7A6EBC43241439E5E744 /* ConfigView.swift */ = {isa = PBXFileReference; lastKnownFileType = sourcecode.swift; path = ConfigView.swift; sourceTree = "<group>"; };
		5C042583437CACB8B422D2FE /* TelemetrySnapshot.swift */ = {isa = PBXFileReference; lastKnownFileType = sourcecode.swift; path = TelemetrySnapshot.swift; sourceTree = "<group>"; };
		5F8353418FA7CDAA515C756C /* RepeatedTLSFailureRule.swift */ = {isa = PBXFileReference; lastKnownFileType = sourcecode.swift; path = RepeatedTLSFailureRule.swift; sourceTree = "<group>"; };
		61102CC4641AD5C4B6905A0B /* SparklineView.swift */ = {isa = PBXFileReference; lastKnownFileType = sourcecode.swift; path = SparklineView.swift; sourceTree = "<group>"; };
		628A6FA80249EB22C3A1E5C6 /* RecentEventsSection.swift */ = {isa = PBXFileReference; lastKnownFileType = sourcecode.swift; path = RecentEventsSection.swift; sourceTree = "<group>"; };
		631CB1DF13CD7E20B94A2E1A /* ConfigManager.swift */ = {isa = PBXFileReference; lastKnownFileType = sourcecode.swift; path = ConfigManager.swift; sourceTree = "<group>"; };
		657B29BC62DA0DFC0D8C0853 /* UploadStatusCard.swift */ = {isa = PBXFileReference; lastKnownFileType = sourcecode.swift; path = UploadStatusCard.swift; sourceTree = "<group>"; };
		66B7B4061050E93254232CE6 /* Info.plist */ = {isa = PBXFileReference; lastKnownFileType = text.plist; path = Info.plist; sourceTree = "<group>"; };
		7A743F0FB065B3F7CD0053AE /* ConnectivityFlapRule.swift */ = {isa = PBXFileReference; lastKnownFileType = sourcecode.swift; path = ConnectivityFlapRule.swift; sourceTree = "<group>"; };
		80C1DE37F0355045C8A54A1C /* NetworkCollector.swift */ = {isa = PBXFileReference; lastKnownFileType = sourcecode.swift; path = NetworkCollector.swift; sourceTree = "<group>"; };
		82D8C45E8C3A46671D66F011 /* MemoryPressureRule.swift */ = {isa = PBXFileReference; lastKnownFileType = sourcecode.swift; path = MemoryPressureRule.swift; sourceTree = "<group>"; };
		832682F57E8EC871E86E7775 /* DBInspectorView.swift */ = {isa = PBXFileReference; lastKnownFileType = sourcecode.swift; path = DBInspectorView.swift; sourceTree = "<group>"; };
		834D828C4B5F5340FEBCE249 /* MockUploadEndpoint.swift */ = {isa = PBXFileReference; lastKnownFileType = sourcecode.swift; path = MockUploadEndpoint.swift; sourceTree = "<group>"; };
		837E532A25661B6E7F1A25B8 /* DiagnosticsRunner.swift */ = {isa = PBXFileReference; lastKnownFileType = sourcecode.swift; path = DiagnosticsRunner.swift; sourceTree = "<group>"; };
		871370D6AF65D361F4B0B938 /* SystemCollector.swift */ = {isa = PBXFileReference; lastKnownFileType = sourcecode.swift; path = SystemCollector.swift; sourceTree = "<group>"; };
		8A005935FF0AEC08095DD8D3 /* SignedConfigVerifier.swift */ = {isa = PBXFileReference; lastKnownFileType = sourcecode.swift; path = SignedConfigVerifier.swift; sourceTree = "<group>"; };
		905B75018B0BCBBE20F3281F /* DashboardView.swift */ = {isa = PBXFileReference; lastKnownFileType = sourcecode.swift; path = DashboardView.swift; sourceTree = "<group>"; };
		9168CD796327C03179641D23 /* TimeFormatter.swift */ = {isa = PBXFileReference; lastKnownFileType = sourcecode.swift; path = TimeFormatter.swift; sourceTree = "<group>"; };
		917EAF478EB4610297CD9F9A /* LaunchScreen.swift */ = {isa = PBXFileReference; lastKnownFileType = sourcecode.swift; path = LaunchScreen.swift; sourceTree = "<group>"; };
		9196D1B23E68CB65DE1FE371 /* default-config.json */ = {isa = PBXFileReference; lastKnownFileType = text.json; path = "default-config.json"; sourceTree = "<group>"; };
		A8EAF18854979290309BB30A /* DiagnosticsReportCard.swift */ = {isa = PBXFileReference; lastKnownFileType = sourcecode.swift; path = DiagnosticsReportCard.swift; sourceTree = "<group>"; };
		AC3F64BCAB23BB1827A920A5 /* ConnectivityStatusCard.swift */ = {isa = PBXFileReference; lastKnownFileType = sourcecode.swift; path = ConnectivityStatusCard.swift; sourceTree = "<group>"; };
		B9BB31AA9411CDC3250C7BBC /* MetricsRingBufferTests.swift */ = {isa = PBXFileReference; lastKnownFileType = sourcecode.swift; path = MetricsRingBufferTests.swift; sourceTree = "<group>"; };
		C14A1EF25B52C7C5763D14C5 /* NetworkDestinationAllowlistRule.swift */ = {isa = PBXFileReference; lastKnownFileType = sourcecode.swift; path = NetworkDestinationAllowlistRule.swift; sourceTree = "<group>"; };
		C1C1DBCF2F55F74114161BEF /* MetricsSample.swift */ = {isa = PBXFileReference; lastKnownFileType = sourcecode.swift; path = MetricsSample.swift; sourceTree = "<group>"; };
		C45F91A00DBF394DD17C93A0 /* EventStoring.swift */ = {isa = PBXFileReference; lastKnownFileType = sourcecode.swift; path = EventStoring.swift; sourceTree = "<group>"; };
		C47E271AEEAEFB8FA93DAAF4 /* RealTimeMetricsPanel.swift */ = {isa = PBXFileReference; lastKnownFileType = sourcecode.swift; path = RealTimeMetricsPanel.swift; sourceTree = "<group>"; };
		C4E6329DDED5BA2830F6FF8C /* Assets.xcassets */ = {isa = PBXFileReference; lastKnownFileType = folder.assetcatalog; path = Assets.xcassets; sourceTree = "<group>"; };
		CC0A41ED3B545A0519C768B6 /* QuietModeToggleCard.swift */ = {isa = PBXFileReference; lastKnownFileType = sourcecode.swift; path = QuietModeToggleCard.swift; sourceTree = "<group>"; };
		D02AFCE2B9FB602C183F0081 /* AgentEvent.swift */ = {isa = PBXFileReference; lastKnownFileType = sourcecode.swift; path = AgentEvent.swift; sourceTree = "<group>"; };
		D9B36BCE3DE3DE972749CE0F /* EventEncryption.swift */ = {isa = PBXFileReference; lastKnownFileType = sourcecode.swift; path = EventEncryption.swift; sourceTree = "<group>"; };
		DD926FE44CB2090072B5AC85 /* RuleEngine.swift */ = {isa = PBXFileReference; lastKnownFileType = sourcecode.swift; path = RuleEngine.swift; sourceTree = "<group>"; };
		E14F0AB0446C9E95E4F5BAD1 /* Uploader.swift */ = {isa = PBXFileReference; lastKnownFileType = sourcecode.swift; path = Uploader.swift; sourceTree = "<group>"; };
		E3A56A20F16776C2C634C26B /* Rule.swift */ = {isa = PBXFileReference; lastKnownFileType = sourcecode.swift; path = Rule.swift; sourceTree = "<group>"; };
		E998DF16CAAC8F096254F294 /* EventDetailView.swift */ = {isa = PBXFileReference; lastKnownFileType = sourcecode.swift; path = EventDetailView.swift; sourceTree = "<group>"; };
		EE54276154A401291EF51086 /* MetricsCollecting.swift */ = {isa = PBXFileReference; lastKnownFileType = sourcecode.swift; path = MetricsCollecting.swift; sourceTree = "<group>"; };
		F1B8B285C3B28B9E8845C7D7 /* AgentController.swift */ = {isa = PBXFileReference; lastKnownFileType = sourcecode.swift; path = AgentController.swift; sourceTree = "<group>"; };
		F1FFC0D9166B4BFCDADA4876 /* EventsSummaryCard.swift */ = {isa = PBXFileReference; lastKnownFileType = sourcecode.swift; path = EventsSummaryCard.swift; sourceTree = "<group>"; };
		FA0A82619A802F183DC5CC82 /* EventLogger.swift */ = {isa = PBXFileReference; lastKnownFileType = sourcecode.swift; path = EventLogger.swift; sourceTree = "<group>"; };
/* End PBXFileReference section */

/* Begin PBXFrameworksBuildPhase section */
		1DEBA1A3E96AA0B94AF2705E /* Frameworks */ = {
			isa = PBXFrameworksBuildPhase;
			buildActionMask = 2147483647;
			files = (
				03D7351A313085C2CC071252 /* GRDB in Frameworks */,
			);
			runOnlyForDeploymentPostprocessing = 0;
		};
/* End PBXFrameworksBuildPhase section */

/* Begin PBXGroup section */
		41B8E4E592C0DD9FE8477846 /* UI */ = {
			isa = PBXGroup;
			children = (
				489BD848396E26BED2E47F97 /* AgentStatusCard.swift */,
				599B7A6EBC43241439E5E744 /* ConfigView.swift */,
				AC3F64BCAB23BB1827A920A5 /* ConnectivityStatusCard.swift */,
				905B75018B0BCBBE20F3281F /* DashboardView.swift */,
				832682F57E8EC871E86E7775 /* DBInspectorView.swift */,
				A8EAF18854979290309BB30A /* DiagnosticsReportCard.swift */,
				1EB10078322C06A71C083CAA /* EventBrowserView.swift */,
				E998DF16CAAC8F096254F294 /* EventDetailView.swift */,
				F1FFC0D9166B4BFCDADA4876 /* EventsSummaryCard.swift */,
				917EAF478EB4610297CD9F9A /* LaunchScreen.swift */,
				0309FF2490686A649493CB41 /* LocalEventsBrowserView.swift */,
				CC0A41ED3B545A0519C768B6 /* QuietModeToggleCard.swift */,
				C47E271AEEAEFB8FA93DAAF4 /* RealTimeMetricsPanel.swift */,
				628A6FA80249EB22C3A1E5C6 /* RecentEventsSection.swift */,
				61102CC4641AD5C4B6905A0B /* SparklineView.swift */,
				9168CD796327C03179641D23 /* TimeFormatter.swift */,
				657B29BC62DA0DFC0D8C0853 /* UploadStatusCard.swift */,
			);
			path = UI;
			sourceTree = "<group>";
		};
		4941D0B2A5A6ACD84B322CF7 /* EFBAgentTests */ = {
			isa = PBXGroup;
			children = (
				B9BB31AA9411CDC3250C7BBC /* MetricsRingBufferTests.swift */,
			);
			path = EFBAgentTests;
			sourceTree = "<group>";
		};
		5017CB345A5EEBF224ED23EC /* Telemetry */ = {
			isa = PBXGroup;
			children = (
				3CDC2F5D736C9856A9A26703 /* OTelExporter.swift */,
			);
			path = Telemetry;
			sourceTree = "<group>";
		};
		563AE77515C8C67B6915B45C /* EFBAgent */ = {
			isa = PBXGroup;
			children = (
				C4E6329DDED5BA2830F6FF8C /* Assets.xcassets */,
				1808FEB341E88E75F00E2AF0 /* EFBAgentApp.swift */,
				0CB0C6DA87E67C46414C8789 /* Info 2.plist */,
				66B7B4061050E93254232CE6 /* Info.plist */,
				89386EB78AA3E8E5D4DB01A7 /* Agent */,
				71BA179F0488E74511F7F7A6 /* Collection */,
				A8BF9767A4F26D76E95FD26C /* Configuration */,
				E72658F60C34976FAF6898E0 /* Detection */,
				BC24F1B5D0E2EB7CC86613EB /* Diagnostics */,
				CD23692A463DD0FFA36FF025 /* Models */,
				886269A1C1805966375C0B32 /* Persistence */,
				CF541258F6CEBC52378044EC /* Resources */,
				5017CB345A5EEBF224ED23EC /* Telemetry */,
				41B8E4E592C0DD9FE8477846 /* UI */,
				79B61AE6AB30D4374A9DE6D0 /* Upload */,
			);
			path = EFBAgent;
			sourceTree = "<group>";
		};
		71BA179F0488E74511F7F7A6 /* Collection */ = {
			isa = PBXGroup;
			children = (
				576A76EBCF4DF214BF2EEFF9 /* MetricKitCollector.swift */,
				EE54276154A401291EF51086 /* MetricsCollecting.swift */,
				80C1DE37F0355045C8A54A1C /* NetworkCollector.swift */,
				871370D6AF65D361F4B0B938 /* SystemCollector.swift */,
			);
			path = Collection;
			sourceTree = "<group>";
		};
		79B61AE6AB30D4374A9DE6D0 /* Upload */ = {
			isa = PBXGroup;
			children = (
				834D828C4B5F5340FEBCE249 /* MockUploadEndpoint.swift */,
				485C32B2A69A6E3AFD35D6EB /* SecureTransport.swift */,
				E14F0AB0446C9E95E4F5BAD1 /* Uploader.swift */,
				1B1AD3745590351CF85FCC0C /* Uploading.swift */,
			);
			path = Upload;
			sourceTree = "<group>";
		};
		886269A1C1805966375C0B32 /* Persistence */ = {
			isa = PBXGroup;
			children = (
				D9B36BCE3DE3DE972749CE0F /* EventEncryption.swift */,
				FA0A82619A802F183DC5CC82 /* EventLogger.swift */,
				58D4145430102022BF058624 /* EventStore.swift */,
				C45F91A00DBF394DD17C93A0 /* EventStoring.swift */,
				49007345A076CC5395FBF0E6 /* Redactor.swift */,
			);
			path = Persistence;
			sourceTree = "<group>";
		};
		89386EB78AA3E8E5D4DB01A7 /* Agent */ = {
			isa = PBXGroup;
			children = (
				F1B8B285C3B28B9E8845C7D7 /* AgentController.swift */,
			);
			path = Agent;
			sourceTree = "<group>";
		};
		9D90E49FDE815E9AB693DED1 = {
			isa = PBXGroup;
			children = (
				563AE77515C8C67B6915B45C /* EFBAgent */,
				4941D0B2A5A6ACD84B322CF7 /* EFBAgentTests */,
				F079678E69B18B6BAB43C33C /* Products */,
			);
			sourceTree = "<group>";
		};
		A8BF9767A4F26D76E95FD26C /* Configuration */ = {
			isa = PBXGroup;
			children = (
				631CB1DF13CD7E20B94A2E1A /* ConfigManager.swift */,
				8A005935FF0AEC08095DD8D3 /* SignedConfigVerifier.swift */,
			);
			path = Configuration;
			sourceTree = "<group>";
		};
		BC24F1B5D0E2EB7CC86613EB /* Diagnostics */ = {
			isa = PBXGroup;
			children = (
				837E532A25661B6E7F1A25B8 /* DiagnosticsRunner.swift */,
			);
			path = Diagnostics;
			sourceTree = "<group>";
		};
		CD23692A463DD0FFA36FF025 /* Models */ = {
			isa = PBXGroup;
			children = (
				D02AFCE2B9FB602C183F0081 /* AgentEvent.swift */,
				C1C1DBCF2F55F74114161BEF /* MetricsSample.swift */,
				5C042583437CACB8B422D2FE /* TelemetrySnapshot.swift */,
			);
			path = Models;
			sourceTree = "<group>";
		};
		CF541258F6CEBC52378044EC /* Resources */ = {
			isa = PBXGroup;
			children = (
				9196D1B23E68CB65DE1FE371 /* default-config.json */,
			);
			path = Resources;
			sourceTree = "<group>";
		};
		E72658F60C34976FAF6898E0 /* Detection */ = {
			isa = PBXGroup;
			children = (
				E3A56A20F16776C2C634C26B /* Rule.swift */,
				DD926FE44CB2090072B5AC85 /* RuleEngine.swift */,
				FD4195ADEF076645F460BC3A /* Rules */,
			);
			path = Detection;
			sourceTree = "<group>";
		};
		F079678E69B18B6BAB43C33C /* Products */ = {
			isa = PBXGroup;
			children = (
				15C6B967DB35285D6BBEB355 /* EFBAgent.app */,
				0FEFEC58A7C7A6200EA56B7E /* EFBAgentTests.xctest */,
			);
			name = Products;
			sourceTree = "<group>";
		};
		FD4195ADEF076645F460BC3A /* Rules */ = {
			isa = PBXGroup;
			children = (
				7A743F0FB065B3F7CD0053AE /* ConnectivityFlapRule.swift */,
				444B141B3C9E660DE4530AB5 /* HighCpuUsageRule.swift */,
				82D8C45E8C3A46671D66F011 /* MemoryPressureRule.swift */,
				C14A1EF25B52C7C5763D14C5 /* NetworkDestinationAllowlistRule.swift */,
				5F8353418FA7CDAA515C756C /* RepeatedTLSFailureRule.swift */,
			);
			path = Rules;
			sourceTree = "<group>";
		};
/* End PBXGroup section */

/* Begin PBXNativeTarget section */
		100DB705E6917549E03CD0EB /* EFBAgentTests */ = {
			isa = PBXNativeTarget;
			buildConfigurationList = 0DDCB53BECD0DF20AE886495 /* Build configuration list for PBXNativeTarget "EFBAgentTests" */;
			buildPhases = (
				33868B32D93BD870F9334BC5 /* Sources */,
			);
			buildRules = (
			);
			dependencies = (
				BDF975EAF5530B7C0C1BD279 /* PBXTargetDependency */,
			);
			name = EFBAgentTests;
			packageProductDependencies = (
			);
			productName = EFBAgentTests;
			productReference = 0FEFEC58A7C7A6200EA56B7E /* EFBAgentTests.xctest */;
			productType = "com.apple.product-type.bundle.unit-test";
		};
		8840A50E0050FD3D007C32C2 /* EFBAgent */ = {
			isa = PBXNativeTarget;
			buildConfigurationList = 447554C6BD35A83C0D88E781 /* Build configuration list for PBXNativeTarget "EFBAgent" */;
			buildPhases = (
				6293E0545D067B7E943B3230 /* Sources */,
				8F844D43629B43DE01B9E436 /* Resources */,
				1DEBA1A3E96AA0B94AF2705E /* Frameworks */,
			);
			buildRules = (
			);
			dependencies = (
			);
			name = EFBAgent;
			packageProductDependencies = (
				E46AC41D68F51B6DF93437EE /* GRDB */,
			);
			productName = EFBAgent;
			productReference = 15C6B967DB35285D6BBEB355 /* EFBAgent.app */;
			productType = "com.apple.product-type.application";
		};
/* End PBXNativeTarget section */

/* Begin PBXProject section */
		28FCD786F0B89BA9B93A20E7 /* Project object */ = {
			isa = PBXProject;
			attributes = {
				BuildIndependentTargetsInParallel = YES;
				LastUpgradeCheck = 1500;
				TargetAttributes = {
					8840A50E0050FD3D007C32C2 = {
						DevelopmentTeam = "";
						ProvisioningStyle = Automatic;
					};
				};
			};
			buildConfigurationList = CD9AD661BFDB43ADA2EE3C5B /* Build configuration list for PBXProject "EFB-Agent" */;
			compatibilityVersion = "Xcode 14.0";
			developmentRegion = en;
			hasScannedForEncodings = 0;
			knownRegions = (
				Base,
				en,
			);
			mainGroup = 9D90E49FDE815E9AB693DED1;
			minimizedProjectReferenceProxies = 1;
			packageReferences = (
				36557DE440ADC4BA8F015712 /* XCRemoteSwiftPackageReference "GRDB.swift" */,
			);
			preferredProjectObjectVersion = 77;
			projectDirPath = "";
			projectRoot = "";
			targets = (
				8840A50E0050FD3D007C32C2 /* EFBAgent */,
				100DB705E6917549E03CD0EB /* EFBAgentTests */,
			);
		};
/* End PBXProject section */

/* Begin PBXResourcesBuildPhase section */
		8F844D43629B43DE01B9E436 /* Resources */ = {
			isa = PBXResourcesBuildPhase;
			buildActionMask = 2147483647;
			files = (
				451C52888185ED2C45B3D834 /* Assets.xcassets in Resources */,
				16764431D0B888324D2F5ADE /* Info 2.plist in Resources */,
				90FAE9771D87CD94827C1100 /* default-config.json in Resources */,
			);
			runOnlyForDeploymentPostprocessing = 0;
		};
/* End PBXResourcesBuildPhase section */

/* Begin PBXSourcesBuildPhase section */
		33868B32D93BD870F9334BC5 /* Sources */ = {
			isa = PBXSourcesBuildPhase;
			buildActionMask = 2147483647;
			files = (
				9EDE61BF28219529F9395D05 /* MetricsRingBufferTests.swift in Sources */,
			);
			runOnlyForDeploymentPostprocessing = 0;
		};
		6293E0545D067B7E943B3230 /* Sources */ = {
			isa = PBXSourcesBuildPhase;
			buildActionMask = 2147483647;
			files = (
				C67519958F689713C71C0839 /* AgentController.swift in Sources */,
				FF23CED998CF571CC42BF9BC /* AgentEvent.swift in Sources */,
				6DB3865AE6C56B0BD8978CA9 /* AgentStatusCard.swift in Sources */,
				2D708014E3644A68521B836E /* ConfigManager.swift in Sources */,
				17C9E2E118D080294BC689FE /* ConfigView.swift in Sources */,
				90485FDEA66D6F28633E6807 /* ConnectivityFlapRule.swift in Sources */,
				221CFD0CA4F8303EB101F924 /* ConnectivityStatusCard.swift in Sources */,
				F452211F0901D081C01390B9 /* DBInspectorView.swift in Sources */,
				36556F331830A9C86F4920D7 /* DashboardView.swift in Sources */,
				B577670E8482DAAA34D0BE85 /* DiagnosticsReportCard.swift in Sources */,
				9641F5D32163D2320BA14822 /* DiagnosticsRunner.swift in Sources */,
				F1CE76DC1AA80C87F220AEC4 /* EFBAgentApp.swift in Sources */,
				1C53493B7A044030CC06764F /* EventBrowserView.swift in Sources */,
				215F96845E85EBFBB5868717 /* EventDetailView.swift in Sources */,
				11947E8F95A8E786B37297C9 /* EventEncryption.swift in Sources */,
				9AAE0D461927D4A91CBBD4AF /* EventLogger.swift in Sources */,
				1AD4134DFFDF211FD049CD43 /* EventStore.swift in Sources */,
				9CEB034E7D754B1CE1AE9774 /* EventStoring.swift in Sources */,
				7E3869DC7AF79E61C48C285F /* EventsSummaryCard.swift in Sources */,
				7B8CAE1BCC1A280170339BB6 /* HighCpuUsageRule.swift in Sources */,
				BD4D5EE4BCBCD23F7018303B /* LaunchScreen.swift in Sources */,
				59A65F11ECB37FEEC34EF66F /* LocalEventsBrowserView.swift in Sources */,
				7A91BC12A1F5DC977955B3BC /* MemoryPressureRule.swift in Sources */,
				A4A87FEDBB3F872E8864AB92 /* MetricKitCollector.swift in Sources */,
				A66642770129969D6B202D73 /* MetricsCollecting.swift in Sources */,
				3CC6C82B1E279236734EC53A /* MetricsSample.swift in Sources */,
				E86E111EA517655D7716145A /* MockUploadEndpoint.swift in Sources */,
				F667D4B6DD404046E9A2A68F /* NetworkCollector.swift in Sources */,
				8EC4E36CC45385CDEFF07187 /* NetworkDestinationAllowlistRule.swift in Sources */,
				0BFD75E5113CA8B5E86981EA /* OTelExporter.swift in Sources */,
				76CEE36341AB3BE8D4818FCE /* QuietModeToggleCard.swift in Sources */,
				76EF3813694E365FB5D0D6AE /* RealTimeMetricsPanel.swift in Sources */,
				9B4BF692A7760577815612EF /* RecentEventsSection.swift in Sources */,
				380A536852D0DC14E3E0FBE4 /* Redactor.swift in Sources */,
				0E4837379144143D2DED7141 /* RepeatedTLSFailureRule.swift in Sources */,
				43F9BB1186ED7C2357B864F4 /* Rule.swift in Sources */,
				4F7E53139D5AC7768E03A42B /* RuleEngine.swift in Sources */,
				1C6A1193363BC0FD8D4582D0 /* SecureTransport.swift in Sources */,
				E9DE1B1B17E6FD8428707538 /* SignedConfigVerifier.swift in Sources */,
				5D90A0DB57073B7E0A67DED2 /* SparklineView.swift in Sources */,
				8ED1079D1B03DEAC20F4DFD6 /* SystemCollector.swift in Sources */,
				7380B4E8C3DF92FC7C14D509 /* TelemetrySnapshot.swift in Sources */,
				D8A3A9195559C932B25C4D53 /* TimeFormatter.swift in Sources */,
				C7DA729CB55D7CBEE386BE9A /* UploadStatusCard.swift in Sources */,
				0E57477C6E67833BF817B398 /* Uploader.swift in Sources */,
				7E2AEF018BBF4CA9C98EACD3 /* Uploading.swift in Sources */,
			);
			runOnlyForDeploymentPostprocessing = 0;
		};
/* End PBXSourcesBuildPhase section */

/* Begin PBXTargetDependency section */
		BDF975EAF5530B7C0C1BD279 /* PBXTargetDependency */ = {
			isa = PBXTargetDependency;
			target = 8840A50E0050FD3D007C32C2 /* EFBAgent */;
			targetProxy = 274581869CEF7C9E305590DF /* PBXContainerItemProxy */;
		};
/* End PBXTargetDependency section */

/* Begin XCBuildConfiguration section */
		4AB3AE3E526C9F2569A82A8D /* Release */ = {
			isa = XCBuildConfiguration;
			buildSettings = {
				ASSETCATALOG_COMPILER_APPICON_NAME = AppIcon;
				CODE_SIGN_IDENTITY = "iPhone Developer";
				CODE_SIGN_STYLE = Automatic;
				DEVELOPMENT_TEAM = "";
				INFOPLIST_FILE = EFBAgent/Info.plist;
				IPHONEOS_DEPLOYMENT_TARGET = 16.0;
				LD_RUNPATH_SEARCH_PATHS = (
					"$(inherited)",
					"@executable_path/Frameworks",
				);
				PRODUCT_BUNDLE_IDENTIFIER = com.efbagent.EFBAgent;
				SDKROOT = iphoneos;
				SWIFT_ACTIVE_COMPILATION_CONDITIONS = "$(inherited)";
				SWIFT_VERSION = 5.9;
				TARGETED_DEVICE_FAMILY = 2;
			};
			name = Release;
		};
		5ADC31D69B50D48517E17D72 /* Release */ = {
			isa = XCBuildConfiguration;
			buildSettings = {
				BUNDLE_LOADER = "$(TEST_HOST)";
				IPHONEOS_DEPLOYMENT_TARGET = 16.0;
				LD_RUNPATH_SEARCH_PATHS = (
					"$(inherited)",
					"@executable_path/Frameworks",
					"@loader_path/Frameworks",
				);
				PRODUCT_BUNDLE_IDENTIFIER = com.efbagent.EFBAgentTests;
				SDKROOT = iphoneos;
				SWIFT_VERSION = 5.9;
				TARGETED_DEVICE_FAMILY = "1,2";
				TEST_HOST = "$(BUILT_PRODUCTS_DIR)/EFBAgent.app/$(BUNDLE_EXECUTABLE_FOLDER_PATH)/EFBAgent";
			};
			name = Release;
		};
		5BF4B021E7640D79199211CD /* Debug */ = {
			isa = XCBuildConfiguration;
			buildSettings = {
				ASSETCATALOG_COMPILER_APPICON_NAME = AppIcon;
				CODE_SIGN_IDENTITY = "iPhone Developer";
				CODE_SIGN_STYLE = Automatic;
				DEVELOPMENT_TEAM = "";
				INFOPLIST_FILE = EFBAgent/Info.plist;
				IPHONEOS_DEPLOYMENT_TARGET = 16.0;
				LD_RUNPATH_SEARCH_PATHS = (
					"$(inherited)",
					"@executable_path/Frameworks",
				);
				PRODUCT_BUNDLE_IDENTIFIER = com.efbagent.EFBAgent;
				SDKROOT = iphoneos;
				SWIFT_ACTIVE_COMPILATION_CONDITIONS = "$(inherited)";
				SWIFT_VERSION = 5.9;
				TARGETED_DEVICE_FAMILY = 2;
			};
			name = Debug;
		};
		64A2163DF85D8A0B85B57BAB /* Debug */ = {
			isa = XCBuildConfiguration;
			buildSettings = {
				ALWAYS_SEARCH_USER_PATHS = NO;
				CLANG_ANALYZER_NONNULL = YES;
				CLANG_ANALYZER_NUMBER_OBJECT_CONVERSION = YES_AGGRESSIVE;
				CLANG_CXX_LANGUAGE_STANDARD = "gnu++14";
				CLANG_CXX_LIBRARY = "libc++";
				CLANG_ENABLE_MODULES = YES;
				CLANG_ENABLE_OBJC_ARC = YES;
				CLANG_ENABLE_OBJC_WEAK = YES;
				CLANG_WARN_BLOCK_CAPTURE_AUTORELEASING = YES;
				CLANG_WARN_BOOL_CONVERSION = YES;
				CLANG_WARN_COMMA = YES;
				CLANG_WARN_CONSTANT_CONVERSION = YES;
				CLANG_WARN_DEPRECATED_OBJC_IMPLEMENTATIONS = YES;
				CLANG_WARN_DIRECT_OBJC_ISA_USAGE = YES_ERROR;
				CLANG_WARN_DOCUMENTATION_COMMENTS = YES;
				CLANG_WARN_EMPTY_BODY = YES;
				CLANG_WARN_ENUM_CONVERSION = YES;
				CLANG_WARN_INFINITE_RECURSION = YES;
				CLANG_WARN_INT_CONVERSION = YES;
				CLANG_WARN_NON_LITERAL_NULL_CONVERSION = YES;
				CLANG_WARN_OBJC_IMPLICIT_RETAIN_SELF = YES;
				CLANG_WARN_OBJC_LITERAL_CONVERSION = YES;
				CLANG_WARN_OBJC_ROOT_CLASS = YES_ERROR;
				CLANG_WARN_QUOTED_INCLUDE_IN_FRAMEWORK_HEADER = YES;
				CLANG_WARN_RANGE_LOOP_ANALYSIS = YES;
				CLANG_WARN_STRICT_PROTOTYPES = YES;
				CLANG_WARN_SUSPICIOUS_MOVE = YES;
				CLANG_WARN_UNGUARDED_AVAILABILITY = YES_AGGRESSIVE;
				CLANG_WARN_UNREACHABLE_CODE = YES;
				CLANG_WARN__DUPLICATE_METHOD_MATCH = YES;
				COPY_PHASE_STRIP = NO;
				DEBUG_INFORMATION_FORMAT = dwarf;
				ENABLE_STRICT_OBJC_MSGSEND = YES;
				ENABLE_TESTABILITY = YES;
				GCC_C_LANGUAGE_STANDARD = gnu11;
				GCC_DYNAMIC_NO_PIC = NO;
				GCC_NO_COMMON_BLOCKS = YES;
				GCC_OPTIMIZATION_LEVEL = 0;
				GCC_PREPROCESSOR_DEFINITIONS = (
					"$(inherited)",
					"DEBUG=1",
				);
				GCC_WARN_64_TO_32_BIT_CONVERSION = YES;
				GCC_WARN_ABOUT_RETURN_TYPE = YES_ERROR;
				GCC_WARN_UNDECLARED_SELECTOR = YES;
				GCC_WARN_UNINITIALIZED_AUTOS = YES_AGGRESSIVE;
				GCC_WARN_UNUSED_FUNCTION = YES;
				GCC_WARN_UNUSED_VARIABLE = YES;
				IPHONEOS_DEPLOYMENT_TARGET = 16.0;
				MTL_ENABLE_DEBUG_INFO = INCLUDE_SOURCE;
				MTL_FAST_MATH = YES;
				ONLY_ACTIVE_ARCH = YES;
				PRODUCT_NAME = "$(TARGET_NAME)";
				SDKROOT = iphoneos;
				SWIFT_ACTIVE_COMPILATION_CONDITIONS = DEBUG;
				SWIFT_OPTIMIZATION_LEVEL = "-Onone";
				SWIFT_VERSION = 5.0;
			};
			name = Debug;
		};
		760AA300C1ADB470BF3FDC28 /* Release */ = {
			isa = XCBuildConfiguration;
			buildSettings = {
				ALWAYS_SEARCH_USER_PATHS = NO;
				CLANG_ANALYZER_NONNULL = YES;
				CLANG_ANALYZER_NUMBER_OBJECT_CONVERSION = YES_AGGRESSIVE;
				CLANG_CXX_LANGUAGE_STANDARD = "gnu++14";
				CLANG_CXX_LIBRARY = "libc++";
				CLANG_ENABLE_MODULES = YES;
				CLANG_ENABLE_OBJC_ARC = YES;
				CLANG_ENABLE_OBJC_WEAK = YES;
				CLANG_WARN_BLOCK_CAPTURE_AUTORELEASING = YES;
				CLANG_WARN_BOOL_CONVERSION = YES;
				CLANG_WARN_COMMA = YES;
				CLANG_WARN_CONSTANT_CONVERSION = YES;
				CLANG_WARN_DEPRECATED_OBJC_IMPLEMENTATIONS = YES;
				CLANG_WARN_DIRECT_OBJC_ISA_USAGE = YES_ERROR;
				CLANG_WARN_DOCUMENTATION_COMMENTS = YES;
				CLANG_WARN_EMPTY_BODY = YES;
				CLANG_WARN_ENUM_CONVERSION = YES;
				CLANG_WARN_INFINITE_RECURSION = YES;
				CLANG_WARN_INT_CONVERSION = YES;
				CLANG_WARN_NON_LITERAL_NULL_CONVERSION = YES;
				CLANG_WARN_OBJC_IMPLICIT_RETAIN_SELF = YES;
				CLANG_WARN_OBJC_LITERAL_CONVERSION = YES;
				CLANG_WARN_OBJC_ROOT_CLASS = YES_ERROR;
				CLANG_WARN_QUOTED_INCLUDE_IN_FRAMEWORK_HEADER = YES;
				CLANG_WARN_RANGE_LOOP_ANALYSIS = YES;
				CLANG_WARN_STRICT_PROTOTYPES = YES;
				CLANG_WARN_SUSPICIOUS_MOVE = YES;
				CLANG_WARN_UNGUARDED_AVAILABILITY = YES_AGGRESSIVE;
				CLANG_WARN_UNREACHABLE_CODE = YES;
				CLANG_WARN__DUPLICATE_METHOD_MATCH = YES;
				COPY_PHASE_STRIP = NO;
				DEBUG_INFORMATION_FORMAT = "dwarf-with-dsym";
				ENABLE_NS_ASSERTIONS = NO;
				ENABLE_STRICT_OBJC_MSGSEND = YES;
				GCC_C_LANGUAGE_STANDARD = gnu11;
				GCC_NO_COMMON_BLOCKS = YES;
				GCC_WARN_64_TO_32_BIT_CONVERSION = YES;
				GCC_WARN_ABOUT_RETURN_TYPE = YES_ERROR;
				GCC_WARN_UNDECLARED_SELECTOR = YES;
				GCC_WARN_UNINITIALIZED_AUTOS = YES_AGGRESSIVE;
				GCC_WARN_UNUSED_FUNCTION = YES;
				GCC_WARN_UNUSED_VARIABLE = YES;
				IPHONEOS_DEPLOYMENT_TARGET = 16.0;
				MTL_ENABLE_DEBUG_INFO = NO;
				MTL_FAST_MATH = YES;
				PRODUCT_NAME = "$(TARGET_NAME)";
				SDKROOT = iphoneos;
				SWIFT_COMPILATION_MODE = wholemodule;
				SWIFT_OPTIMIZATION_LEVEL = "-O";
				SWIFT_VERSION = 5.0;
			};
			name = Release;
		};
		EFFE3537406698D1ED7B7CE4 /* Debug */ = {
			isa = XCBuildConfiguration;
			buildSettings = {
				BUNDLE_LOADER = "$(TEST_HOST)";
				IPHONEOS_DEPLOYMENT_TARGET = 16.0;
				LD_RUNPATH_SEARCH_PATHS = (
					"$(inherited)",
					"@executable_path/Frameworks",
					"@loader_path/Frameworks",
				);
				PRODUCT_BUNDLE_IDENTIFIER = com.efbagent.EFBAgentTests;
				SDKROOT = iphoneos;
				SWIFT_VERSION = 5.9;
				TARGETED_DEVICE_FAMILY = "1,2";
				TEST_HOST = "$(BUILT_PRODUCTS_DIR)/EFBAgent.app/$(BUNDLE_EXECUTABLE_FOLDER_PATH)/EFBAgent";
			};
			name = Debug;
		};
/* End XCBuildConfiguration section */

/* Begin XCConfigurationList section */
		0DDCB53BECD0DF20AE886495 /* Build configuration list for PBXNativeTarget "EFBAgentTests" */ = {
			isa = XCConfigurationList;
			buildConfigurations = (
				EFFE3537406698D1ED7B7CE4 /* Debug */,
				5ADC31D69B50D48517E17D72 /* Release */,
			);
			defaultConfigurationIsVisible = 0;
			defaultConfigurationName = Debug;
		};
		447554C6BD35A83C0D88E781 /* Build configuration list for PBXNativeTarget "EFBAgent" */ = {
			isa = XCConfigurationList;
			buildConfigurations = (
				5BF4B021E7640D79199211CD /* Debug */,
				4AB3AE3E526C9F2569A82A8D /* Release */,
			);
			defaultConfigurationIsVisible = 0;
			defaultConfigurationName = Debug;
		};
		CD9AD661BFDB43ADA2EE3C5B /* Build configuration list for PBXProject "EFB-Agent" */ = {
			isa = XCConfigurationList;
			buildConfigurations = (
				64A2163DF85D8A0B85B57BAB /* Debug */,
				760AA300C1ADB470BF3FDC28 /* Release */,
			);
			defaultConfigurationIsVisible = 0;
			defaultConfigurationName = Debug;
		};
/* End XCConfigurationList section */

/* Begin XCRemoteSwiftPackageReference section */
		36557DE440ADC4BA8F015712 /* XCRemoteSwiftPackageReference "GRDB.swift" */ = {
			isa = XCRemoteSwiftPackageReference;
			repositoryURL = "https://github.com/groue/GRDB.swift";
			requirement = {
				kind = upToNextMajorVersion;
				minimumVersion = 6.0.0;
			};
		};
/* End XCRemoteSwiftPackageReference section */

/* Begin XCSwiftPackageProductDependency section */
		E46AC41D68F51B6DF93437EE /* GRDB */ = {
			isa = XCSwiftPackageProductDependency;
			package = 36557DE440ADC4BA8F015712 /* XCRemoteSwiftPackageReference "GRDB.swift" */;
			productName = GRDB;
		};
/* End XCSwiftPackageProductDependency section */
	};
	rootObject = 28FCD786F0B89BA9B93A20E7 /* Project object */;
}
